
Microsoft Visual Studio Solution File, Format Version 12.00
# Visual Studio 14
VisualStudioVersion = 14.0.25420.1
MinimumVisualStudioVersion = 10.0.40219.1
Project("{FAE04EC0-301F-11D3-BF4B-00C04F79EFBC}") = "xlstChecking", "xlstChecking\xlstChecking.csproj", "{DE2218AC-5515-4D7E-AE6F-7E4D5B52CF45}"
EndProject
Project("{FAE04EC0-301F-11D3-BF4B-00C04F79EFBC}") = "RSSnews", "RSSnews\RSSnews.csproj", "{B9C4264A-6CE6-4BCE-BC43-A5784ADAB3A8}"
EndProject
Project("{FAE04EC0-301F-11D3-BF4B-00C04F79EFBC}") = "HTMLReport", "HTMLReport\HTMLReport.csproj", "{57D00657-EE13-4F77-BBA2-1E45DAFD427B}"
EndProject
Global
	GlobalSection(SolutionConfigurationPlatforms) = preSolution
		Debug|Any CPU = Debug|Any CPU
		Release|Any CPU = Release|Any CPU
	EndGlobalSection
	GlobalSection(ProjectConfigurationPlatforms) = postSolution
		{DE2218AC-5515-4D7E-AE6F-7E4D5B52CF45}.Debug|Any CPU.ActiveCfg = Debug|Any CPU
		{DE2218AC-5515-4D7E-AE6F-7E4D5B52CF45}.Debug|Any CPU.Build.0 = Debug|Any CPU
		{DE2218AC-5515-4D7E-AE6F-7E4D5B52CF45}.Release|Any CPU.ActiveCfg = Release|Any CPU
		{DE2218AC-5515-4D7E-AE6F-7E4D5B52CF45}.Release|Any CPU.Build.0 = Release|Any CPU
		{B9C4264A-6CE6-4BCE-BC43-A5784ADAB3A8}.Debug|Any CPU.ActiveCfg = Debug|Any CPU
		{B9C4264A-6CE6-4BCE-BC43-A5784ADAB3A8}.Debug|Any CPU.Build.0 = Debug|Any CPU
		{B9C4264A-6CE6-4BCE-BC43-A5784ADAB3A8}.Release|Any CPU.ActiveCfg = Release|Any CPU
		{B9C4264A-6CE6-4BCE-BC43-A5784ADAB3A8}.Release|Any CPU.Build.0 = Release|Any CPU
		{57D00657-EE13-4F77-BBA2-1E45DAFD427B}.Debug|Any CPU.ActiveCfg = Debug|Any CPU
		{57D00657-EE13-4F77-BBA2-1E45DAFD427B}.Debug|Any CPU.Build.0 = Debug|Any CPU
		{57D00657-EE13-4F77-BBA2-1E45DAFD427B}.Release|Any CPU.ActiveCfg = Release|Any CPU
		{57D00657-EE13-4F77-BBA2-1E45DAFD427B}.Release|Any CPU.Build.0 = Release|Any CPU
	EndGlobalSection
	GlobalSection(SolutionProperties) = preSolution
		HideSolutionNode = FALSE
	EndGlobalSection
EndGlobal
